{
    "name": "my-node-app",
    "version": "1.0.0",
    "lockfileVersion": 1,
    "requires": true,
    "dependencies": {
      "http": {
        "version": "0.0.1",
        "resolved": "https://registry.npmjs.org/http/-/http-0.0.1.tgz",
        "integrity": "sha512-lz82F6+9D/2QVoZK3YYWNGNK8hFl8bUvEqlbqe+zEX0w6ObA2UM78Yn5XjlGAAPQ58ZUwyuF/qfPOMgpYltGiQ=="
      }
    }
  }
  